// !$*UTF8*$!
{
	archiveVersion = 1;
	classes = {
	};
	objectVersion = 46;
	objects = {

/* Begin PBXBuildFile section */
		D766594C1E890E160027767A /* AppDelegate.swift in Sources */ = {isa = PBXBuildFile; fileRef = D766594B1E890E160027767A /* AppDelegate.swift */; };
		D766594E1E890E160027767A /* ViewController.swift in Sources */ = {isa = PBXBuildFile; fileRef = D766594D1E890E160027767A /* ViewController.swift */; };
		D76659511E890E160027767A /* Main.storyboard in Resources */ = {isa = PBXBuildFile; fileRef = D766594F1E890E160027767A /* Main.storyboard */; };
		D76659531E890E160027767A /* Assets.xcassets in Resources */ = {isa = PBXBuildFile; fileRef = D76659521E890E160027767A /* Assets.xcassets */; };
		D76659561E890E160027767A /* LaunchScreen.storyboard in Resources */ = {isa = PBXBuildFile; fileRef = D76659541E890E160027767A /* LaunchScreen.storyboard */; };
		D76659611E890E160027767A /* exjobbTests.swift in Sources */ = {isa = PBXBuildFile; fileRef = D76659601E890E160027767A /* exjobbTests.swift */; };
		D76659721E8952A90027767A /* ContactTableViewController.swift in Sources */ = {isa = PBXBuildFile; fileRef = D76659711E8952A90027767A /* ContactTableViewController.swift */; };
		D76659741E895DBE0027767A /* LongListTableViewController.swift in Sources */ = {isa = PBXBuildFile; fileRef = D76659731E895DBE0027767A /* LongListTableViewController.swift */; };
		D76659761E8A53AD0027767A /* LongListItem.swift in Sources */ = {isa = PBXBuildFile; fileRef = D76659751E8A53AD0027767A /* LongListItem.swift */; };
		D76659781E8A5D970027767A /* LongListTableViewCell.swift in Sources */ = {isa = PBXBuildFile; fileRef = D76659771E8A5D970027767A /* LongListTableViewCell.swift */; };
		D766597A1E8A8D640027767A /* TelephonyManager.swift in Sources */ = {isa = PBXBuildFile; fileRef = D76659791E8A8D640027767A /* TelephonyManager.swift */; };
		D766597C1E8BEF3D0027767A /* CameraViewController.swift in Sources */ = {isa = PBXBuildFile; fileRef = D766597B1E8BEF3D0027767A /* CameraViewController.swift */; };
		D766597E1E8D21F90027767A /* RecordViewController.swift in Sources */ = {isa = PBXBuildFile; fileRef = D766597D1E8D21F90027767A /* RecordViewController.swift */; };
/* End PBXBuildFile section */

/* Begin PBXContainerItemProxy section */
		D766595D1E890E160027767A /* PBXContainerItemProxy */ = {
			isa = PBXContainerItemProxy;
			containerPortal = D76659401E890E160027767A /* Project object */;
			proxyType = 1;
			remoteGlobalIDString = D76659471E890E160027767A;
			remoteInfo = exjobb;
		};
/* End PBXContainerItemProxy section */

/* Begin PBXFileReference section */
		D76659481E890E160027767A /* exjobb.app */ = {isa = PBXFileReference; explicitFileType = wrapper.application; includeInIndex = 0; path = exjobb.app; sourceTree = BUILT_PRODUCTS_DIR; };
		D766594B1E890E160027767A /* AppDelegate.swift */ = {isa = PBXFileReference; lastKnownFileType = sourcecode.swift; path = AppDelegate.swift; sourceTree = "<group>"; };
		D766594D1E890E160027767A /* ViewController.swift */ = {isa = PBXFileReference; lastKnownFileType = sourcecode.swift; path = ViewController.swift; sourceTree = "<group>"; };
		D76659501E890E160027767A /* Base */ = {isa = PBXFileReference; lastKnownFileType = file.storyboard; name = Base; path = Base.lproj/Main.storyboard; sourceTree = "<group>"; };
		D76659521E890E160027767A /* Assets.xcassets */ = {isa = PBXFileReference; lastKnownFileType = folder.assetcatalog; path = Assets.xcassets; sourceTree = "<group>"; };
		D76659551E890E160027767A /* Base */ = {isa = PBXFileReference; lastKnownFileType = file.storyboard; name = Base; path = Base.lproj/LaunchScreen.storyboard; sourceTree = "<group>"; };
		D76659571E890E160027767A /* Info.plist */ = {isa = PBXFileReference; lastKnownFileType = text.plist.xml; path = Info.plist; sourceTree = "<group>"; };
		D766595C1E890E160027767A /* exjobbTests.xctest */ = {isa = PBXFileReference; explicitFileType = wrapper.cfbundle; includeInIndex = 0; path = exjobbTests.xctest; sourceTree = BUILT_PRODUCTS_DIR; };
		D76659601E890E160027767A /* exjobbTests.swift */ = {isa = PBXFileReference; lastKnownFileType = sourcecode.swift; path = exjobbTests.swift; sourceTree = "<group>"; };
		D76659621E890E160027767A /* Info.plist */ = {isa = PBXFileReference; lastKnownFileType = text.plist.xml; path = Info.plist; sourceTree = "<group>"; };
		D76659711E8952A90027767A /* ContactTableViewController.swift */ = {isa = PBXFileReference; fileEncoding = 4; lastKnownFileType = sourcecode.swift; path = ContactTableViewController.swift; sourceTree = "<group>"; };
		D76659731E895DBE0027767A /* LongListTableViewController.swift */ = {isa = PBXFileReference; fileEncoding = 4; lastKnownFileType = sourcecode.swift; path = LongListTableViewController.swift; sourceTree = "<group>"; };
		D76659751E8A53AD0027767A /* LongListItem.swift */ = {isa = PBXFileReference; fileEncoding = 4; lastKnownFileType = sourcecode.swift; path = LongListItem.swift; sourceTree = "<group>"; };
		D76659771E8A5D970027767A /* LongListTableViewCell.swift */ = {isa = PBXFileReference; fileEncoding = 4; lastKnownFileType = sourcecode.swift; path = LongListTableViewCell.swift; sourceTree = "<group>"; };
		D76659791E8A8D640027767A /* TelephonyManager.swift */ = {isa = PBXFileReference; fileEncoding = 4; lastKnownFileType = sourcecode.swift; path = TelephonyManager.swift; sourceTree = "<group>"; };
		D766597B1E8BEF3D0027767A /* CameraViewController.swift */ = {isa = PBXFileReference; fileEncoding = 4; lastKnownFileType = sourcecode.swift; path = CameraViewController.swift; sourceTree = "<group>"; };
		D766597D1E8D21F90027767A /* RecordViewController.swift */ = {isa = PBXFileReference; fileEncoding = 4; lastKnownFileType = sourcecode.swift; path = RecordViewController.swift; sourceTree = "<group>"; };
/* End PBXFileReference section */

/* Begin PBXFrameworksBuildPhase section */
		D76659451E890E160027767A /* Frameworks */ = {
			isa = PBXFrameworksBuildPhase;
			buildActionMask = 2147483647;
			files = (
			);
			runOnlyForDeploymentPostprocessing = 0;
		};
		D76659591E890E160027767A /* Frameworks */ = {
			isa = PBXFrameworksBuildPhase;
			buildActionMask = 2147483647;
			files = (
			);
			runOnlyForDeploymentPostprocessing = 0;
		};
/* End PBXFrameworksBuildPhase section */

/* Begin PBXGroup section */
		D766593F1E890E160027767A = {
			isa = PBXGroup;
			children = (
				D766594A1E890E160027767A /* exjobb */,
				D766595F1E890E160027767A /* exjobbTests */,
				D76659491E890E160027767A /* Products */,
			);
			sourceTree = "<group>";
		};
		D76659491E890E160027767A /* Products */ = {
			isa = PBXGroup;
			children = (
				D76659481E890E160027767A /* exjobb.app */,
				D766595C1E890E160027767A /* exjobbTests.xctest */,
			);
			name = Products;
			sourceTree = "<group>";
		};
		D766594A1E890E160027767A /* exjobb */ = {
			isa = PBXGroup;
			children = (
				D766594B1E890E160027767A /* AppDelegate.swift */,
				D766594D1E890E160027767A /* ViewController.swift */,
				D76659711E8952A90027767A /* ContactTableViewController.swift */,
				D76659731E895DBE0027767A /* LongListTableViewController.swift */,
				D766597B1E8BEF3D0027767A /* CameraViewController.swift */,
				D766597D1E8D21F90027767A /* RecordViewController.swift */,
				D766594F1E890E160027767A /* Main.storyboard */,
				D76659521E890E160027767A /* Assets.xcassets */,
				D76659541E890E160027767A /* LaunchScreen.storyboard */,
				D76659571E890E160027767A /* Info.plist */,
				D76659751E8A53AD0027767A /* LongListItem.swift */,
				D76659771E8A5D970027767A /* LongListTableViewCell.swift */,
				D76659791E8A8D640027767A /* TelephonyManager.swift */,
			);
			path = exjobb;
			sourceTree = "<group>";
		};
		D766595F1E890E160027767A /* exjobbTests */ = {
			isa = PBXGroup;
			children = (
				D76659601E890E160027767A /* exjobbTests.swift */,
				D76659621E890E160027767A /* Info.plist */,
			);
			path = exjobbTests;
			sourceTree = "<group>";
		};
/* End PBXGroup section */

/* Begin PBXNativeTarget section */
		D76659471E890E160027767A /* exjobb */ = {
			isa = PBXNativeTarget;
			buildConfigurationList = D76659651E890E160027767A /* Build configuration list for PBXNativeTarget "exjobb" */;
			buildPhases = (
				D76659441E890E160027767A /* Sources */,
				D76659451E890E160027767A /* Frameworks */,
				D76659461E890E160027767A /* Resources */,
			);
			buildRules = (
			);
			dependencies = (
			);
			name = exjobb;
			productName = exjobb;
			productReference = D76659481E890E160027767A /* exjobb.app */;
			productType = "com.apple.product-type.application";
		};
		D766595B1E890E160027767A /* exjobbTests */ = {
			isa = PBXNativeTarget;
			buildConfigurationList = D76659681E890E160027767A /* Build configuration list for PBXNativeTarget "exjobbTests" */;
			buildPhases = (
				D76659581E890E160027767A /* Sources */,
				D76659591E890E160027767A /* Frameworks */,
				D766595A1E890E160027767A /* Resources */,
			);
			buildRules = (
			);
			dependencies = (
				D766595E1E890E160027767A /* PBXTargetDependency */,
			);
			name = exjobbTests;
			productName = exjobbTests;
			productReference = D766595C1E890E160027767A /* exjobbTests.xctest */;
			productType = "com.apple.product-type.bundle.unit-test";
		};
/* End PBXNativeTarget section */

/* Begin PBXProject section */
		D76659401E890E160027767A /* Project object */ = {
			isa = PBXProject;
			attributes = {
				LastSwiftUpdateCheck = 0820;
				LastUpgradeCheck = 0820;
				ORGANIZATIONNAME = Exjobb;
				TargetAttributes = {
					D76659471E890E160027767A = {
						CreatedOnToolsVersion = 8.2.1;
						DevelopmentTeam = 5RN4LXTBAW;
						ProvisioningStyle = Automatic;
					};
					D766595B1E890E160027767A = {
						CreatedOnToolsVersion = 8.2.1;
						ProvisioningStyle = Automatic;
						TestTargetID = D76659471E890E160027767A;
					};
				};
			};
			buildConfigurationList = D76659431E890E160027767A /* Build configuration list for PBXProject "exjobb" */;
			compatibilityVersion = "Xcode 3.2";
			developmentRegion = English;
			hasScannedForEncodings = 0;
			knownRegions = (
				en,
				Base,
			);
			mainGroup = D766593F1E890E160027767A;
			productRefGroup = D76659491E890E160027767A /* Products */;
			projectDirPath = "";
			projectRoot = "";
			targets = (
				D76659471E890E160027767A /* exjobb */,
				D766595B1E890E160027767A /* exjobbTests */,
			);
		};
/* End PBXProject section */

/* Begin PBXResourcesBuildPhase section */
		D76659461E890E160027767A /* Resources */ = {
			isa = PBXResourcesBuildPhase;
			buildActionMask = 2147483647;
			files = (
				D76659561E890E160027767A /* LaunchScreen.storyboard in Resources */,
				D76659531E890E160027767A /* Assets.xcassets in Resources */,
				D76659511E890E160027767A /* Main.storyboard in Resources */,
			);
			runOnlyForDeploymentPostprocessing = 0;
		};
		D766595A1E890E160027767A /* Resources */ = {
			isa = PBXResourcesBuildPhase;
			buildActionMask = 2147483647;
			files = (
			);
			runOnlyForDeploymentPostprocessing = 0;
		};
/* End PBXResourcesBuildPhase section */

/* Begin PBXSourcesBuildPhase section */
		D76659441E890E160027767A /* Sources */ = {
			isa = PBXSourcesBuildPhase;
			buildActionMask = 2147483647;
			files = (
				D766597A1E8A8D640027767A /* TelephonyManager.swift in Sources */,
				D766594E1E890E160027767A /* ViewController.swift in Sources */,
				D76659741E895DBE0027767A /* LongListTableViewController.swift in Sources */,
				D766597E1E8D21F90027767A /* RecordViewController.swift in Sources */,
				D76659761E8A53AD0027767A /* LongListItem.swift in Sources */,
				D766594C1E890E160027767A /* AppDelegate.swift in Sources */,
				D766597C1E8BEF3D0027767A /* CameraViewController.swift in Sources */,
				D76659721E8952A90027767A /* ContactTableViewController.swift in Sources */,
				D76659781E8A5D970027767A /* LongListTableViewCell.swift in Sources */,
			);
			runOnlyForDeploymentPostprocessing = 0;
		};
		D76659581E890E160027767A /* Sources */ = {
			isa = PBXSourcesBuildPhase;
			buildActionMask = 2147483647;
			files = (
				D76659611E890E160027767A /* exjobbTests.swift in Sources */,
			);
			runOnlyForDeploymentPostprocessing = 0;
		};
/* End PBXSourcesBuildPhase section */

/* Begin PBXTargetDependency section */
		D766595E1E890E160027767A /* PBXTargetDependency */ = {
			isa = PBXTargetDependency;
			target = D76659471E890E160027767A /* exjobb */;
			targetProxy = D766595D1E890E160027767A /* PBXContainerItemProxy */;
		};
/* End PBXTargetDependency section */

/* Begin PBXVariantGroup section */
		D766594F1E890E160027767A /* Main.storyboard */ = {
			isa = PBXVariantGroup;
			children = (
				D76659501E890E160027767A /* Base */,
			);
			name = Main.storyboard;
			sourceTree = "<group>";
		};
		D76659541E890E160027767A /* LaunchScreen.storyboard */ = {
			isa = PBXVariantGroup;
			children = (
				D76659551E890E160027767A /* Base */,
			);
			name = LaunchScreen.storyboard;
			sourceTree = "<group>";
		};
/* End PBXVariantGroup section */

/* Begin XCBuildConfiguration section */
		D76659631E890E160027767A /* Debug */ = {
			isa = XCBuildConfiguration;
			buildSettings = {
				ALWAYS_SEARCH_USER_PATHS = NO;
				CLANG_ANALYZER_NONNULL = YES;
				CLANG_CXX_LANGUAGE_STANDARD = "gnu++0x";
				CLANG_CXX_LIBRARY = "libc++";
				CLANG_ENABLE_MODULES = YES;
				CLANG_ENABLE_OBJC_ARC = YES;
				CLANG_WARN_BOOL_CONVERSION = YES;
				CLANG_WARN_CONSTANT_CONVERSION = YES;
				CLANG_WARN_DIRECT_OBJC_ISA_USAGE = YES_ERROR;
				CLANG_WARN_DOCUMENTATION_COMMENTS = YES;
				CLANG_WARN_EMPTY_BODY = YES;
				CLANG_WARN_ENUM_CONVERSION = YES;
				CLANG_WARN_INFINITE_RECURSION = YES;
				CLANG_WARN_INT_CONVERSION = YES;
				CLANG_WARN_OBJC_ROOT_CLASS = YES_ERROR;
				CLANG_WARN_SUSPICIOUS_MOVE = YES;
				CLANG_WARN_UNREACHABLE_CODE = YES;
				CLANG_WARN__DUPLICATE_METHOD_MATCH = YES;
				"CODE_SIGN_IDENTITY[sdk=iphoneos*]" = "iPhone Developer";
				COPY_PHASE_STRIP = NO;
				DEBUG_INFORMATION_FORMAT = dwarf;
				ENABLE_STRICT_OBJC_MSGSEND = YES;
				ENABLE_TESTABILITY = YES;
				GCC_C_LANGUAGE_STANDARD = gnu99;
				GCC_DYNAMIC_NO_PIC = NO;
				GCC_NO_COMMON_BLOCKS = YES;
				GCC_OPTIMIZATION_LEVEL = 0;
				GCC_PREPROCESSOR_DEFINITIONS = (
					"DEBUG=1",
					"$(inherited)",
				);
				GCC_WARN_64_TO_32_BIT_CONVERSION = YES;
				GCC_WARN_ABOUT_RETURN_TYPE = YES_ERROR;
				GCC_WARN_UNDECLARED_SELECTOR = YES;
				GCC_WARN_UNINITIALIZED_AUTOS = YES_AGGRESSIVE;
				GCC_WARN_UNUSED_FUNCTION = YES;
				GCC_WARN_UNUSED_VARIABLE = YES;
				IPHONEOS_DEPLOYMENT_TARGET = 10.2;
				MTL_ENABLE_DEBUG_INFO = YES;
				ONLY_ACTIVE_ARCH = YES;
				SDKROOT = iphoneos;
				SWIFT_ACTIVE_COMPILATION_CONDITIONS = DEBUG;
				SWIFT_OPTIMIZATION_LEVEL = "-Onone";
				TARGETED_DEVICE_FAMILY = "1,2";
			};
			name = Debug;
		};
		D76659641E890E160027767A /* Release */ = {
			isa = XCBuildConfiguration;
			buildSettings = {
				ALWAYS_SEARCH_USER_PATHS = NO;
				CLANG_ANALYZER_NONNULL = YES;
				CLANG_CXX_LANGUAGE_STANDARD = "gnu++0x";
				CLANG_CXX_LIBRARY = "libc++";
				CLANG_ENABLE_MODULES = YES;
				CLANG_ENABLE_OBJC_ARC = YES;
				CLANG_WARN_BOOL_CONVERSION = YES;
				CLANG_WARN_CONSTANT_CONVERSION = YES;
				CLANG_WARN_DIRECT_OBJC_ISA_USAGE = YES_ERROR;
				CLANG_WARN_DOCUMENTATION_COMMENTS = YES;
				CLANG_WARN_EMPTY_BODY = YES;
				CLANG_WARN_ENUM_CONVERSION = YES;
				CLANG_WARN_INFINITE_RECURSION = YES;
				CLANG_WARN_INT_CONVERSION = YES;
				CLANG_WARN_OBJC_ROOT_CLASS = YES_ERROR;
				CLANG_WARN_SUSPICIOUS_MOVE = YES;
				CLANG_WARN_UNREACHABLE_CODE = YES;
				CLANG_WARN__DUPLICATE_METHOD_MATCH = YES;
				"CODE_SIGN_IDENTITY[sdk=iphoneos*]" = "iPhone Developer";
				COPY_PHASE_STRIP = NO;
				DEBUG_INFORMATION_FORMAT = "dwarf-with-dsym";
				ENABLE_NS_ASSERTIONS = NO;
				ENABLE_STRICT_OBJC_MSGSEND = YES;
				GCC_C_LANGUAGE_STANDARD = gnu99;
				GCC_NO_COMMON_BLOCKS = YES;
				GCC_WARN_64_TO_32_BIT_CONVERSION = YES;
				GCC_WARN_ABOUT_RETURN_TYPE = YES_ERROR;
				GCC_WARN_UNDECLARED_SELECTOR = YES;
				GCC_WARN_UNINITIALIZED_AUTOS = YES_AGGRESSIVE;
				GCC_WARN_UNUSED_FUNCTION = YES;
				GCC_WARN_UNUSED_VARIABLE = YES;
				IPHONEOS_DEPLOYMENT_TARGET = 10.2;
				MTL_ENABLE_DEBUG_INFO = NO;
				SDKROOT = iphoneos;
				SWIFT_OPTIMIZATION_LEVEL = "-Owholemodule";
				TARGETED_DEVICE_FAMILY = "1,2";
				VALIDATE_PRODUCT = YES;
			};
			name = Release;
		};
		D76659661E890E160027767A /* Debug */ = {
			isa = XCBuildConfiguration;
			buildSettings = {
				ASSETCATALOG_COMPILER_APPICON_NAME = AppIcon;
				DEVELOPMENT_TEAM = 5RN4LXTBAW;
				INFOPLIST_FILE = exjobb/Info.plist;
				LD_RUNPATH_SEARCH_PATHS = "$(inherited) @executable_path/Frameworks";
				PRODUCT_BUNDLE_IDENTIFIER = com.example.exjobb;
				PRODUCT_NAME = "$(TARGET_NAME)";
				SWIFT_VERSION = 3.0;
			};
			name = Debug;
		};
		D76659671E890E160027767A /* Release */ = {
			isa = XCBuildConfiguration;
			buildSettings = {
				ASSETCATALOG_COMPILER_APPICON_NAME = AppIcon;
				DEVELOPMENT_TEAM = 5RN4LXTBAW;
				INFOPLIST_FILE = exjobb/Info.plist;
				LD_RUNPATH_SEARCH_PATHS = "$(inherited) @executable_path/Frameworks";
				PRODUCT_BUNDLE_IDENTIFIER = com.example.exjobb;
				PRODUCT_NAME = "$(TARGET_NAME)";
				SWIFT_VERSION = 3.0;
			};
			name = Release;
		};
		D76659691E890E160027767A /* Debug */ = {
			isa = XCBuildConfiguration;
			buildSettings = {
				ALWAYS_EMBED_SWIFT_STANDARD_LIBRARIES = YES;
				BUNDLE_LOADER = "$(TEST_HOST)";
				INFOPLIST_FILE = exjobbTests/Info.plist;
				LD_RUNPATH_SEARCH_PATHS = "$(inherited) @executable_path/Frameworks @loader_path/Frameworks";
				PRODUCT_BUNDLE_IDENTIFIER = com.example.exjobbTests;
				PRODUCT_NAME = "$(TARGET_NAME)";
				SWIFT_VERSION = 3.0;
				TEST_HOST = "$(BUILT_PRODUCTS_DIR)/exjobb.app/exjobb";
			};
			name = Debug;
		};
		D766596A1E890E160027767A /* Release */ = {
			isa = XCBuildConfiguration;
			buildSettings = {
				ALWAYS_EMBED_SWIFT_STANDARD_LIBRARIES = YES;
				BUNDLE_LOADER = "$(TEST_HOST)";
				INFOPLIST_FILE = exjobbTests/Info.plist;
				LD_RUNPATH_SEARCH_PATHS = "$(inherited) @executable_path/Frameworks @loader_path/Frameworks";
				PRODUCT_BUNDLE_IDENTIFIER = com.example.exjobbTests;
				PRODUCT_NAME = "$(TARGET_NAME)";
				SWIFT_VERSION = 3.0;
				TEST_HOST = "$(BUILT_PRODUCTS_DIR)/exjobb.app/exjobb";
			};
			name = Release;
		};
/* End XCBuildConfiguration section */

/* Begin XCConfigurationList section */
		D76659431E890E160027767A /* Build configuration list for PBXProject "exjobb" */ = {
			isa = XCConfigurationList;
			buildConfigurations = (
				D76659631E890E160027767A /* Debug */,
				D76659641E890E160027767A /* Release */,
			);
			defaultConfigurationIsVisible = 0;
			defaultConfigurationName = Release;
		};
		D76659651E890E160027767A /* Build configuration list for PBXNativeTarget "exjobb" */ = {
			isa = XCConfigurationList;
			buildConfigurations = (
				D76659661E890E160027767A /* Debug */,
				D76659671E890E160027767A /* Release */,
			);
			defaultConfigurationIsVisible = 0;
		};
		D76659681E890E160027767A /* Build configuration list for PBXNativeTarget "exjobbTests" */ = {
			isa = XCConfigurationList;
			buildConfigurations = (
				D76659691E890E160027767A /* Debug */,
				D766596A1E890E160027767A /* Release */,
			);
			defaultConfigurationIsVisible = 0;
		};
/* End XCConfigurationList section */
	};
	rootObject = D76659401E890E160027767A /* Project object */;
}
